
Microsoft Visual Studio Solution File, Format Version 12.00
# Visual Studio Version 17
VisualStudioVersion = 17.4.33110.190
MinimumVisualStudioVersion = 10.0.40219.1
Project("{9A19103F-16F7-4668-BE54-9A1E7A4F7556}") = "Lists_Demo", "Lists_Demo\Lists_Demo.csproj", "{94D4C0F7-0075-4062-969C-BAD2FC214C58}"
EndProject
Project("{FAE04EC0-301F-11D3-BF4B-00C04F79EFBC}") = "Lists_Library", "Lists_Library\Lists_Library.csproj", "{9E37F58B-89DF-4D80-9EDD-B8FFB06BDEBF}"
EndProject
Global
	GlobalSection(SolutionConfigurationPlatforms) = preSolution
		Debug|Any CPU = Debug|Any CPU
		Release|Any CPU = Release|Any CPU
	EndGlobalSection
	GlobalSection(ProjectConfigurationPlatforms) = postSolution
		{94D4C0F7-0075-4062-969C-BAD2FC214C58}.Debug|Any CPU.ActiveCfg = Debug|Any CPU
		{94D4C0F7-0075-4062-969C-BAD2FC214C58}.Debug|Any CPU.Build.0 = Debug|Any CPU
		{94D4C0F7-0075-4062-969C-BAD2FC214C58}.Release|Any CPU.ActiveCfg = Release|Any CPU
		{94D4C0F7-0075-4062-969C-BAD2FC214C58}.Release|Any CPU.Build.0 = Release|Any CPU
		{9E37F58B-89DF-4D80-9EDD-B8FFB06BDEBF}.Debug|Any CPU.ActiveCfg = Debug|Any CPU
		{9E37F58B-89DF-4D80-9EDD-B8FFB06BDEBF}.Debug|Any CPU.Build.0 = Debug|Any CPU
		{9E37F58B-89DF-4D80-9EDD-B8FFB06BDEBF}.Release|Any CPU.ActiveCfg = Release|Any CPU
		{9E37F58B-89DF-4D80-9EDD-B8FFB06BDEBF}.Release|Any CPU.Build.0 = Release|Any CPU
	EndGlobalSection
	GlobalSection(SolutionProperties) = preSolution
		HideSolutionNode = FALSE
	EndGlobalSection
	GlobalSection(ExtensibilityGlobals) = postSolution
		SolutionGuid = {8354B4EA-2516-4C1A-B5E2-01E782F48FD9}
	EndGlobalSection
EndGlobal
